// !$*UTF8*$!
{
	archiveVersion = 1;
	classes = {
	};
	objectVersion = 46;
	objects = {

/* Begin PBXBuildFile section */
		1115883B1EC6DE8800A8F92B /* main.m in Sources */ = {isa = PBXBuildFile; fileRef = 1115883A1EC6DE8800A8F92B /* main.m */; };
		1115883E1EC6DE8800A8F92B /* AppDelegate.m in Sources */ = {isa = PBXBuildFile; fileRef = 1115883D1EC6DE8800A8F92B /* AppDelegate.m */; };
		111588411EC6DE8800A8F92B /* ViewController.m in Sources */ = {isa = PBXBuildFile; fileRef = 111588401EC6DE8800A8F92B /* ViewController.m */; };
		111588461EC6DE8800A8F92B /* Assets.xcassets in Resources */ = {isa = PBXBuildFile; fileRef = 111588451EC6DE8800A8F92B /* Assets.xcassets */; };
		111588491EC6DE8800A8F92B /* LaunchScreen.storyboard in Resources */ = {isa = PBXBuildFile; fileRef = 111588471EC6DE8800A8F92B /* LaunchScreen.storyboard */; };
		111588541EC6DE8800A8F92B /* UIButtonTests.m in Sources */ = {isa = PBXBuildFile; fileRef = 111588531EC6DE8800A8F92B /* UIButtonTests.m */; };
		1115885F1EC6DE8800A8F92B /* UIButtonUITests.m in Sources */ = {isa = PBXBuildFile; fileRef = 1115885E1EC6DE8800A8F92B /* UIButtonUITests.m */; };
		111588701EC6E26D00A8F92B /* Main.storyboard in Resources */ = {isa = PBXBuildFile; fileRef = 1115886E1EC6E26D00A8F92B /* Main.storyboard */; };
		114519CF201461530082A061 /* BasicViewController.m in Sources */ = {isa = PBXBuildFile; fileRef = 114519CE201461530082A061 /* BasicViewController.m */; };
		114519D2201461D20082A061 /* RectViewController.m in Sources */ = {isa = PBXBuildFile; fileRef = 114519D1201461D20082A061 /* RectViewController.m */; };
		114519D5201461E80082A061 /* LayoutViewController.m in Sources */ = {isa = PBXBuildFile; fileRef = 114519D4201461E80082A061 /* LayoutViewController.m */; };
		114519D8201462AE0082A061 /* ExpandButtonAreaController.m in Sources */ = {isa = PBXBuildFile; fileRef = 114519D7201462AE0082A061 /* ExpandButtonAreaController.m */; };
		114519DB201463690082A061 /* YYRectButton.m in Sources */ = {isa = PBXBuildFile; fileRef = 114519DA201463690082A061 /* YYRectButton.m */; };
		114519DE2014638B0082A061 /* YYLayoutButton.m in Sources */ = {isa = PBXBuildFile; fileRef = 114519DD2014638B0082A061 /* YYLayoutButton.m */; };
		114519E1201463B00082A061 /* ExpandButton.m in Sources */ = {isa = PBXBuildFile; fileRef = 114519E0201463B00082A061 /* ExpandButton.m */; };
		114519E62014BCAB0082A061 /* BasicLayoutController.m in Sources */ = {isa = PBXBuildFile; fileRef = 114519E52014BCAB0082A061 /* BasicLayoutController.m */; };
		114519E92014BDC70082A061 /* DynamicViewController.m in Sources */ = {isa = PBXBuildFile; fileRef = 114519E82014BDC70082A061 /* DynamicViewController.m */; };
		114519EC2014CF450082A061 /* FinalViewController.m in Sources */ = {isa = PBXBuildFile; fileRef = 114519EB2014CF450082A061 /* FinalViewController.m */; };
		114519EF2014CF6F0082A061 /* YYButton.m in Sources */ = {isa = PBXBuildFile; fileRef = 114519EE2014CF6F0082A061 /* YYButton.m */; };
		11657F00201383E400CA4116 /* ImageViewRightController.m in Sources */ = {isa = PBXBuildFile; fileRef = 11657EFF201383E400CA4116 /* ImageViewRightController.m */; };
		11657F03201383F800CA4116 /* LeftAndTopButtonController.m in Sources */ = {isa = PBXBuildFile; fileRef = 11657F02201383F800CA4116 /* LeftAndTopButtonController.m */; };
		11657F062013841100CA4116 /* RightAndTopButtonController.m in Sources */ = {isa = PBXBuildFile; fileRef = 11657F052013841100CA4116 /* RightAndTopButtonController.m */; };
		11657F092013842200CA4116 /* BottomLeftButtonController.m in Sources */ = {isa = PBXBuildFile; fileRef = 11657F082013842200CA4116 /* BottomLeftButtonController.m */; };
		11657F0C2013843900CA4116 /* BottomRightButtonController.m in Sources */ = {isa = PBXBuildFile; fileRef = 11657F0B2013843900CA4116 /* BottomRightButtonController.m */; };
		11657F0F2013847900CA4116 /* ImageViewUpController.m in Sources */ = {isa = PBXBuildFile; fileRef = 11657F0E2013847900CA4116 /* ImageViewUpController.m */; };
		11657F122013849100CA4116 /* ImageViewDownController.m in Sources */ = {isa = PBXBuildFile; fileRef = 11657F112013849100CA4116 /* ImageViewDownController.m */; };
		11657F15201384AB00CA4116 /* ImageIsBiggerController.m in Sources */ = {isa = PBXBuildFile; fileRef = 11657F14201384AB00CA4116 /* ImageIsBiggerController.m */; };
/* End PBXBuildFile section */

/* Begin PBXContainerItemProxy section */
		111588501EC6DE8800A8F92B /* PBXContainerItemProxy */ = {
			isa = PBXContainerItemProxy;
			containerPortal = 1115882E1EC6DE8800A8F92B /* Project object */;
			proxyType = 1;
			remoteGlobalIDString = 111588351EC6DE8800A8F92B;
			remoteInfo = UIButton;
		};
		1115885B1EC6DE8800A8F92B /* PBXContainerItemProxy */ = {
			isa = PBXContainerItemProxy;
			containerPortal = 1115882E1EC6DE8800A8F92B /* Project object */;
			proxyType = 1;
			remoteGlobalIDString = 111588351EC6DE8800A8F92B;
			remoteInfo = UIButton;
		};
/* End PBXContainerItemProxy section */

/* Begin PBXFileReference section */
		111588361EC6DE8800A8F92B /* UIButton.app */ = {isa = PBXFileReference; explicitFileType = wrapper.application; includeInIndex = 0; path = UIButton.app; sourceTree = BUILT_PRODUCTS_DIR; };
		1115883A1EC6DE8800A8F92B /* main.m */ = {isa = PBXFileReference; lastKnownFileType = sourcecode.c.objc; path = main.m; sourceTree = "<group>"; };
		1115883C1EC6DE8800A8F92B /* AppDelegate.h */ = {isa = PBXFileReference; lastKnownFileType = sourcecode.c.h; path = AppDelegate.h; sourceTree = "<group>"; };
		1115883D1EC6DE8800A8F92B /* AppDelegate.m */ = {isa = PBXFileReference; lastKnownFileType = sourcecode.c.objc; path = AppDelegate.m; sourceTree = "<group>"; };
		1115883F1EC6DE8800A8F92B /* ViewController.h */ = {isa = PBXFileReference; lastKnownFileType = sourcecode.c.h; path = ViewController.h; sourceTree = "<group>"; };
		111588401EC6DE8800A8F92B /* ViewController.m */ = {isa = PBXFileReference; lastKnownFileType = sourcecode.c.objc; path = ViewController.m; sourceTree = "<group>"; };
		111588451EC6DE8800A8F92B /* Assets.xcassets */ = {isa = PBXFileReference; lastKnownFileType = folder.assetcatalog; path = Assets.xcassets; sourceTree = "<group>"; };
		111588481EC6DE8800A8F92B /* Base */ = {isa = PBXFileReference; lastKnownFileType = file.storyboard; name = Base; path = Base.lproj/LaunchScreen.storyboard; sourceTree = "<group>"; };
		1115884A1EC6DE8800A8F92B /* Info.plist */ = {isa = PBXFileReference; lastKnownFileType = text.plist.xml; path = Info.plist; sourceTree = "<group>"; };
		1115884F1EC6DE8800A8F92B /* UIButtonTests.xctest */ = {isa = PBXFileReference; explicitFileType = wrapper.cfbundle; includeInIndex = 0; path = UIButtonTests.xctest; sourceTree = BUILT_PRODUCTS_DIR; };
		111588531EC6DE8800A8F92B /* UIButtonTests.m */ = {isa = PBXFileReference; lastKnownFileType = sourcecode.c.objc; path = UIButtonTests.m; sourceTree = "<group>"; };
		111588551EC6DE8800A8F92B /* Info.plist */ = {isa = PBXFileReference; lastKnownFileType = text.plist.xml; path = Info.plist; sourceTree = "<group>"; };
		1115885A1EC6DE8800A8F92B /* UIButtonUITests.xctest */ = {isa = PBXFileReference; explicitFileType = wrapper.cfbundle; includeInIndex = 0; path = UIButtonUITests.xctest; sourceTree = BUILT_PRODUCTS_DIR; };
		1115885E1EC6DE8800A8F92B /* UIButtonUITests.m */ = {isa = PBXFileReference; lastKnownFileType = sourcecode.c.objc; path = UIButtonUITests.m; sourceTree = "<group>"; };
		111588601EC6DE8800A8F92B /* Info.plist */ = {isa = PBXFileReference; lastKnownFileType = text.plist.xml; path = Info.plist; sourceTree = "<group>"; };
		1115886F1EC6E26D00A8F92B /* Base */ = {isa = PBXFileReference; lastKnownFileType = file.storyboard; name = Base; path = Base.lproj/Main.storyboard; sourceTree = "<group>"; };
		114519CD201461530082A061 /* BasicViewController.h */ = {isa = PBXFileReference; fileEncoding = 4; lastKnownFileType = sourcecode.c.h; path = BasicViewController.h; sourceTree = "<group>"; };
		114519CE201461530082A061 /* BasicViewController.m */ = {isa = PBXFileReference; fileEncoding = 4; lastKnownFileType = sourcecode.c.objc; path = BasicViewController.m; sourceTree = "<group>"; };
		114519D0201461D20082A061 /* RectViewController.h */ = {isa = PBXFileReference; fileEncoding = 4; lastKnownFileType = sourcecode.c.h; path = RectViewController.h; sourceTree = "<group>"; };
		114519D1201461D20082A061 /* RectViewController.m */ = {isa = PBXFileReference; fileEncoding = 4; lastKnownFileType = sourcecode.c.objc; path = RectViewController.m; sourceTree = "<group>"; };
		114519D3201461E80082A061 /* LayoutViewController.h */ = {isa = PBXFileReference; fileEncoding = 4; lastKnownFileType = sourcecode.c.h; path = LayoutViewController.h; sourceTree = "<group>"; };
		114519D4201461E80082A061 /* LayoutViewController.m */ = {isa = PBXFileReference; fileEncoding = 4; lastKnownFileType = sourcecode.c.objc; path = LayoutViewController.m; sourceTree = "<group>"; };
		114519D6201462AE0082A061 /* ExpandButtonAreaController.h */ = {isa = PBXFileReference; fileEncoding = 4; lastKnownFileType = sourcecode.c.h; path = ExpandButtonAreaController.h; sourceTree = "<group>"; };
		114519D7201462AE0082A061 /* ExpandButtonAreaController.m */ = {isa = PBXFileReference; fileEncoding = 4; lastKnownFileType = sourcecode.c.objc; path = ExpandButtonAreaController.m; sourceTree = "<group>"; };
		114519D9201463690082A061 /* YYRectButton.h */ = {isa = PBXFileReference; fileEncoding = 4; lastKnownFileType = sourcecode.c.h; path = YYRectButton.h; sourceTree = "<group>"; };
		114519DA201463690082A061 /* YYRectButton.m */ = {isa = PBXFileReference; fileEncoding = 4; lastKnownFileType = sourcecode.c.objc; path = YYRectButton.m; sourceTree = "<group>"; };
		114519DC2014638B0082A061 /* YYLayoutButton.h */ = {isa = PBXFileReference; fileEncoding = 4; lastKnownFileType = sourcecode.c.h; path = YYLayoutButton.h; sourceTree = "<group>"; };
		114519DD2014638B0082A061 /* YYLayoutButton.m */ = {isa = PBXFileReference; fileEncoding = 4; lastKnownFileType = sourcecode.c.objc; path = YYLayoutButton.m; sourceTree = "<group>"; };
		114519DF201463B00082A061 /* ExpandButton.h */ = {isa = PBXFileReference; fileEncoding = 4; lastKnownFileType = sourcecode.c.h; path = ExpandButton.h; sourceTree = "<group>"; };
		114519E0201463B00082A061 /* ExpandButton.m */ = {isa = PBXFileReference; fileEncoding = 4; lastKnownFileType = sourcecode.c.objc; path = ExpandButton.m; sourceTree = "<group>"; };
		114519E42014BCAB0082A061 /* BasicLayoutController.h */ = {isa = PBXFileReference; fileEncoding = 4; lastKnownFileType = sourcecode.c.h; path = BasicLayoutController.h; sourceTree = "<group>"; };
		114519E52014BCAB0082A061 /* BasicLayoutController.m */ = {isa = PBXFileReference; fileEncoding = 4; lastKnownFileType = sourcecode.c.objc; path = BasicLayoutController.m; sourceTree = "<group>"; };
		114519E72014BDC70082A061 /* DynamicViewController.h */ = {isa = PBXFileReference; fileEncoding = 4; lastKnownFileType = sourcecode.c.h; path = DynamicViewController.h; sourceTree = "<group>"; };
		114519E82014BDC70082A061 /* DynamicViewController.m */ = {isa = PBXFileReference; fileEncoding = 4; lastKnownFileType = sourcecode.c.objc; path = DynamicViewController.m; sourceTree = "<group>"; };
		114519EA2014CF450082A061 /* FinalViewController.h */ = {isa = PBXFileReference; fileEncoding = 4; lastKnownFileType = sourcecode.c.h; path = FinalViewController.h; sourceTree = "<group>"; };
		114519EB2014CF450082A061 /* FinalViewController.m */ = {isa = PBXFileReference; fileEncoding = 4; lastKnownFileType = sourcecode.c.objc; path = FinalViewController.m; sourceTree = "<group>"; };
		114519ED2014CF6F0082A061 /* YYButton.h */ = {isa = PBXFileReference; fileEncoding = 4; lastKnownFileType = sourcecode.c.h; path = YYButton.h; sourceTree = "<group>"; };
		114519EE2014CF6F0082A061 /* YYButton.m */ = {isa = PBXFileReference; fileEncoding = 4; lastKnownFileType = sourcecode.c.objc; path = YYButton.m; sourceTree = "<group>"; };
		11657EFE201383E400CA4116 /* ImageViewRightController.h */ = {isa = PBXFileReference; fileEncoding = 4; lastKnownFileType = sourcecode.c.h; path = ImageViewRightController.h; sourceTree = "<group>"; };
		11657EFF201383E400CA4116 /* ImageViewRightController.m */ = {isa = PBXFileReference; fileEncoding = 4; lastKnownFileType = sourcecode.c.objc; path = ImageViewRightController.m; sourceTree = "<group>"; };
		11657F01201383F800CA4116 /* LeftAndTopButtonController.h */ = {isa = PBXFileReference; fileEncoding = 4; lastKnownFileType = sourcecode.c.h; path = LeftAndTopButtonController.h; sourceTree = "<group>"; };
		11657F02201383F800CA4116 /* LeftAndTopButtonController.m */ = {isa = PBXFileReference; fileEncoding = 4; lastKnownFileType = sourcecode.c.objc; path = LeftAndTopButtonController.m; sourceTree = "<group>"; };
		11657F042013841100CA4116 /* RightAndTopButtonController.h */ = {isa = PBXFileReference; fileEncoding = 4; lastKnownFileType = sourcecode.c.h; path = RightAndTopButtonController.h; sourceTree = "<group>"; };
		11657F052013841100CA4116 /* RightAndTopButtonController.m */ = {isa = PBXFileReference; fileEncoding = 4; lastKnownFileType = sourcecode.c.objc; path = RightAndTopButtonController.m; sourceTree = "<group>"; };
		11657F072013842200CA4116 /* BottomLeftButtonController.h */ = {isa = PBXFileReference; fileEncoding = 4; lastKnownFileType = sourcecode.c.h; path = BottomLeftButtonController.h; sourceTree = "<group>"; };
		11657F082013842200CA4116 /* BottomLeftButtonController.m */ = {isa = PBXFileReference; fileEncoding = 4; lastKnownFileType = sourcecode.c.objc; path = BottomLeftButtonController.m; sourceTree = "<group>"; };
		11657F0A2013843900CA4116 /* BottomRightButtonController.h */ = {isa = PBXFileReference; fileEncoding = 4; lastKnownFileType = sourcecode.c.h; path = BottomRightButtonController.h; sourceTree = "<group>"; };
		11657F0B2013843900CA4116 /* BottomRightButtonController.m */ = {isa = PBXFileReference; fileEncoding = 4; lastKnownFileType = sourcecode.c.objc; path = BottomRightButtonController.m; sourceTree = "<group>"; };
		11657F0D2013847900CA4116 /* ImageViewUpController.h */ = {isa = PBXFileReference; fileEncoding = 4; lastKnownFileType = sourcecode.c.h; path = ImageViewUpController.h; sourceTree = "<group>"; };
		11657F0E2013847900CA4116 /* ImageViewUpController.m */ = {isa = PBXFileReference; fileEncoding = 4; lastKnownFileType = sourcecode.c.objc; path = ImageViewUpController.m; sourceTree = "<group>"; };
		11657F102013849100CA4116 /* ImageViewDownController.h */ = {isa = PBXFileReference; fileEncoding = 4; lastKnownFileType = sourcecode.c.h; path = ImageViewDownController.h; sourceTree = "<group>"; };
		11657F112013849100CA4116 /* ImageViewDownController.m */ = {isa = PBXFileReference; fileEncoding = 4; lastKnownFileType = sourcecode.c.objc; path = ImageViewDownController.m; sourceTree = "<group>"; };
		11657F13201384AB00CA4116 /* ImageIsBiggerController.h */ = {isa = PBXFileReference; fileEncoding = 4; lastKnownFileType = sourcecode.c.h; path = ImageIsBiggerController.h; sourceTree = "<group>"; };
		11657F14201384AB00CA4116 /* ImageIsBiggerController.m */ = {isa = PBXFileReference; fileEncoding = 4; lastKnownFileType = sourcecode.c.objc; path = ImageIsBiggerController.m; sourceTree = "<group>"; };
/* End PBXFileReference section */

/* Begin PBXFrameworksBuildPhase section */
		111588331EC6DE8800A8F92B /* Frameworks */ = {
			isa = PBXFrameworksBuildPhase;
			buildActionMask = 2147483647;
			files = (
			);
			runOnlyForDeploymentPostprocessing = 0;
		};
		1115884C1EC6DE8800A8F92B /* Frameworks */ = {
			isa = PBXFrameworksBuildPhase;
			buildActionMask = 2147483647;
			files = (
			);
			runOnlyForDeploymentPostprocessing = 0;
		};
		111588571EC6DE8800A8F92B /* Frameworks */ = {
			isa = PBXFrameworksBuildPhase;
			buildActionMask = 2147483647;
			files = (
			);
			runOnlyForDeploymentPostprocessing = 0;
		};
/* End PBXFrameworksBuildPhase section */

/* Begin PBXGroup section */
		1115882D1EC6DE8800A8F92B = {
			isa = PBXGroup;
			children = (
				111588381EC6DE8800A8F92B /* UIButton */,
				111588521EC6DE8800A8F92B /* UIButtonTests */,
				1115885D1EC6DE8800A8F92B /* UIButtonUITests */,
				111588371EC6DE8800A8F92B /* Products */,
			);
			sourceTree = "<group>";
		};
		111588371EC6DE8800A8F92B /* Products */ = {
			isa = PBXGroup;
			children = (
				111588361EC6DE8800A8F92B /* UIButton.app */,
				1115884F1EC6DE8800A8F92B /* UIButtonTests.xctest */,
				1115885A1EC6DE8800A8F92B /* UIButtonUITests.xctest */,
			);
			name = Products;
			sourceTree = "<group>";
		};
		111588381EC6DE8800A8F92B /* UIButton */ = {
			isa = PBXGroup;
			children = (
				114519C420145FE00082A061 /* AppDelegate */,
				114519C520145FF10082A061 /* mainController */,
				114519C120145FA20082A061 /* 基础知识 */,
				114519C62014600B0082A061 /* 自定义Button */,
				114519CC201461170082A061 /* 扩大按钮的响应区域 */,
				114519E320146C500082A061 /* Button封装最终版 */,
				114519E2201463C90082A061 /* other */,
				111588391EC6DE8800A8F92B /* Supporting Files */,
			);
			path = UIButton;
			sourceTree = "<group>";
		};
		111588391EC6DE8800A8F92B /* Supporting Files */ = {
			isa = PBXGroup;
			children = (
				111588451EC6DE8800A8F92B /* Assets.xcassets */,
				1115883A1EC6DE8800A8F92B /* main.m */,
			);
			name = "Supporting Files";
			sourceTree = "<group>";
		};
		111588521EC6DE8800A8F92B /* UIButtonTests */ = {
			isa = PBXGroup;
			children = (
				111588531EC6DE8800A8F92B /* UIButtonTests.m */,
				111588551EC6DE8800A8F92B /* Info.plist */,
			);
			path = UIButtonTests;
			sourceTree = "<group>";
		};
		1115885D1EC6DE8800A8F92B /* UIButtonUITests */ = {
			isa = PBXGroup;
			children = (
				1115885E1EC6DE8800A8F92B /* UIButtonUITests.m */,
				111588601EC6DE8800A8F92B /* Info.plist */,
			);
			path = UIButtonUITests;
			sourceTree = "<group>";
		};
		111F75BD2016101A00C9EBF2 /* 图片右文字左 */ = {
			isa = PBXGroup;
			children = (
				11657EFE201383E400CA4116 /* ImageViewRightController.h */,
				11657EFF201383E400CA4116 /* ImageViewRightController.m */,
			);
			name = "图片右文字左";
			sourceTree = "<group>";
		};
		111F75BE2016103300C9EBF2 /* 图片上文字下 */ = {
			isa = PBXGroup;
			children = (
				11657F0D2013847900CA4116 /* ImageViewUpController.h */,
				11657F0E2013847900CA4116 /* ImageViewUpController.m */,
			);
			name = "图片上文字下";
			sourceTree = "<group>";
		};
		111F75BF2016108200C9EBF2 /* 图片下文字上 */ = {
			isa = PBXGroup;
			children = (
				11657F102013849100CA4116 /* ImageViewDownController.h */,
				11657F112013849100CA4116 /* ImageViewDownController.m */,
			);
			name = "图片下文字上";
			sourceTree = "<group>";
		};
		111F75C02016109A00C9EBF2 /* 图片文字左上角 */ = {
			isa = PBXGroup;
			children = (
				11657F01201383F800CA4116 /* LeftAndTopButtonController.h */,
				11657F02201383F800CA4116 /* LeftAndTopButtonController.m */,
			);
			name = "图片文字左上角";
			sourceTree = "<group>";
		};
		111F75C1201610B000C9EBF2 /* 图片文字右上角 */ = {
			isa = PBXGroup;
			children = (
				11657F042013841100CA4116 /* RightAndTopButtonController.h */,
				11657F052013841100CA4116 /* RightAndTopButtonController.m */,
			);
			name = "图片文字右上角";
			sourceTree = "<group>";
		};
		111F75C2201610BE00C9EBF2 /* 图片文字左下角 */ = {
			isa = PBXGroup;
			children = (
				11657F072013842200CA4116 /* BottomLeftButtonController.h */,
				11657F082013842200CA4116 /* BottomLeftButtonController.m */,
			);
			name = "图片文字左下角";
			sourceTree = "<group>";
		};
		111F75C3201610D300C9EBF2 /* 图片文字右下角 */ = {
			isa = PBXGroup;
			children = (
				11657F0A2013843900CA4116 /* BottomRightButtonController.h */,
				11657F0B2013843900CA4116 /* BottomRightButtonController.m */,
			);
			name = "图片文字右下角";
			sourceTree = "<group>";
		};
		111F75C4201610E100C9EBF2 /* 图片大于按钮宽度 */ = {
			isa = PBXGroup;
			children = (
				11657F13201384AB00CA4116 /* ImageIsBiggerController.h */,
				11657F14201384AB00CA4116 /* ImageIsBiggerController.m */,
			);
			name = "图片大于按钮宽度";
			sourceTree = "<group>";
		};
		111F75C52016127400C9EBF2 /* 静态使用 */ = {
			isa = PBXGroup;
			children = (
				114519E42014BCAB0082A061 /* BasicLayoutController.h */,
				114519E52014BCAB0082A061 /* BasicLayoutController.m */,
			);
			name = "静态使用";
			sourceTree = "<group>";
		};
		111F75C62016128500C9EBF2 /* 动态使用 */ = {
			isa = PBXGroup;
			children = (
				114519E72014BDC70082A061 /* DynamicViewController.h */,
				114519E82014BDC70082A061 /* DynamicViewController.m */,
			);
			name = "动态使用";
			sourceTree = "<group>";
		};
		114519C120145FA20082A061 /* 基础知识 */ = {
			isa = PBXGroup;
			children = (
				114519C220145FBA0082A061 /* main */,
				114519C320145FCB0082A061 /* detail */,
			);
			name = "基础知识";
			sourceTree = "<group>";
		};
		114519C220145FBA0082A061 /* main */ = {
			isa = PBXGroup;
			children = (
				114519CD201461530082A061 /* BasicViewController.h */,
				114519CE201461530082A061 /* BasicViewController.m */,
			);
			name = main;
			sourceTree = "<group>";
		};
		114519C320145FCB0082A061 /* detail */ = {
			isa = PBXGroup;
			children = (
				111F75BD2016101A00C9EBF2 /* 图片右文字左 */,
				111F75BE2016103300C9EBF2 /* 图片上文字下 */,
				111F75BF2016108200C9EBF2 /* 图片下文字上 */,
				111F75C02016109A00C9EBF2 /* 图片文字左上角 */,
				111F75C1201610B000C9EBF2 /* 图片文字右上角 */,
				111F75C2201610BE00C9EBF2 /* 图片文字左下角 */,
				111F75C3201610D300C9EBF2 /* 图片文字右下角 */,
				111F75C4201610E100C9EBF2 /* 图片大于按钮宽度 */,
			);
			name = detail;
			sourceTree = "<group>";
		};
		114519C420145FE00082A061 /* AppDelegate */ = {
			isa = PBXGroup;
			children = (
				1115883C1EC6DE8800A8F92B /* AppDelegate.h */,
				1115883D1EC6DE8800A8F92B /* AppDelegate.m */,
			);
			name = AppDelegate;
			sourceTree = "<group>";
		};
		114519C520145FF10082A061 /* mainController */ = {
			isa = PBXGroup;
			children = (
				1115883F1EC6DE8800A8F92B /* ViewController.h */,
				111588401EC6DE8800A8F92B /* ViewController.m */,
			);
			name = mainController;
			sourceTree = "<group>";
		};
		114519C62014600B0082A061 /* 自定义Button */ = {
			isa = PBXGroup;
			children = (
				114519C7201460220082A061 /* 重写系统Rect方法 */,
				114519C8201460300082A061 /* 重写系统layoutSubviews方法 */,
			);
			name = "自定义Button";
			sourceTree = "<group>";
		};
		114519C7201460220082A061 /* 重写系统Rect方法 */ = {
			isa = PBXGroup;
			children = (
				114519D0201461D20082A061 /* RectViewController.h */,
				114519D1201461D20082A061 /* RectViewController.m */,
				114519D9201463690082A061 /* YYRectButton.h */,
				114519DA201463690082A061 /* YYRectButton.m */,
			);
			name = "重写系统Rect方法";
			sourceTree = "<group>";
		};
		114519C8201460300082A061 /* 重写系统layoutSubviews方法 */ = {
			isa = PBXGroup;
			children = (
				114519D3201461E80082A061 /* LayoutViewController.h */,
				114519D4201461E80082A061 /* LayoutViewController.m */,
				111F75C52016127400C9EBF2 /* 静态使用 */,
				111F75C62016128500C9EBF2 /* 动态使用 */,
				114519DC2014638B0082A061 /* YYLayoutButton.h */,
				114519DD2014638B0082A061 /* YYLayoutButton.m */,
			);
			name = "重写系统layoutSubviews方法";
			sourceTree = "<group>";
		};
		114519CC201461170082A061 /* 扩大按钮的响应区域 */ = {
			isa = PBXGroup;
			children = (
				114519D6201462AE0082A061 /* ExpandButtonAreaController.h */,
				114519D7201462AE0082A061 /* ExpandButtonAreaController.m */,
				114519DF201463B00082A061 /* ExpandButton.h */,
				114519E0201463B00082A061 /* ExpandButton.m */,
			);
			name = "扩大按钮的响应区域";
			path = ..;
			sourceTree = "<group>";
		};
		114519E2201463C90082A061 /* other */ = {
			isa = PBXGroup;
			children = (
				1115886E1EC6E26D00A8F92B /* Main.storyboard */,
				111588471EC6DE8800A8F92B /* LaunchScreen.storyboard */,
				1115884A1EC6DE8800A8F92B /* Info.plist */,
			);
			name = other;
			sourceTree = "<group>";
		};
		114519E320146C500082A061 /* Button封装最终版 */ = {
			isa = PBXGroup;
			children = (
				114519EA2014CF450082A061 /* FinalViewController.h */,
				114519EB2014CF450082A061 /* FinalViewController.m */,
				114519ED2014CF6F0082A061 /* YYButton.h */,
				114519EE2014CF6F0082A061 /* YYButton.m */,
			);
			name = "Button封装最终版";
			sourceTree = "<group>";
		};
/* End PBXGroup section */

/* Begin PBXNativeTarget section */
		111588351EC6DE8800A8F92B /* UIButton */ = {
			isa = PBXNativeTarget;
			buildConfigurationList = 111588631EC6DE8800A8F92B /* Build configuration list for PBXNativeTarget "UIButton" */;
			buildPhases = (
				111588321EC6DE8800A8F92B /* Sources */,
				111588331EC6DE8800A8F92B /* Frameworks */,
				111588341EC6DE8800A8F92B /* Resources */,
			);
			buildRules = (
			);
			dependencies = (
			);
			name = UIButton;
			productName = UIButton;
			productReference = 111588361EC6DE8800A8F92B /* UIButton.app */;
			productType = "com.apple.product-type.application";
		};
		1115884E1EC6DE8800A8F92B /* UIButtonTests */ = {
			isa = PBXNativeTarget;
			buildConfigurationList = 111588661EC6DE8800A8F92B /* Build configuration list for PBXNativeTarget "UIButtonTests" */;
			buildPhases = (
				1115884B1EC6DE8800A8F92B /* Sources */,
				1115884C1EC6DE8800A8F92B /* Frameworks */,
				1115884D1EC6DE8800A8F92B /* Resources */,
			);
			buildRules = (
			);
			dependencies = (
				111588511EC6DE8800A8F92B /* PBXTargetDependency */,
			);
			name = UIButtonTests;
			productName = UIButtonTests;
			productReference = 1115884F1EC6DE8800A8F92B /* UIButtonTests.xctest */;
			productType = "com.apple.product-type.bundle.unit-test";
		};
		111588591EC6DE8800A8F92B /* UIButtonUITests */ = {
			isa = PBXNativeTarget;
			buildConfigurationList = 111588691EC6DE8800A8F92B /* Build configuration list for PBXNativeTarget "UIButtonUITests" */;
			buildPhases = (
				111588561EC6DE8800A8F92B /* Sources */,
				111588571EC6DE8800A8F92B /* Frameworks */,
				111588581EC6DE8800A8F92B /* Resources */,
			);
			buildRules = (
			);
			dependencies = (
				1115885C1EC6DE8800A8F92B /* PBXTargetDependency */,
			);
			name = UIButtonUITests;
			productName = UIButtonUITests;
			productReference = 1115885A1EC6DE8800A8F92B /* UIButtonUITests.xctest */;
			productType = "com.apple.product-type.bundle.ui-testing";
		};
/* End PBXNativeTarget section */

/* Begin PBXProject section */
		1115882E1EC6DE8800A8F92B /* Project object */ = {
			isa = PBXProject;
			attributes = {
				LastUpgradeCheck = 0720;
				ORGANIZATIONNAME = "杨世川";
				TargetAttributes = {
					111588351EC6DE8800A8F92B = {
						CreatedOnToolsVersion = 7.2;
						DevelopmentTeam = 42U62F4QHB;
					};
					1115884E1EC6DE8800A8F92B = {
						CreatedOnToolsVersion = 7.2;
						DevelopmentTeam = 42U62F4QHB;
						TestTargetID = 111588351EC6DE8800A8F92B;
					};
					111588591EC6DE8800A8F92B = {
						CreatedOnToolsVersion = 7.2;
						DevelopmentTeam = 42U62F4QHB;
						TestTargetID = 111588351EC6DE8800A8F92B;
					};
				};
			};
			buildConfigurationList = 111588311EC6DE8800A8F92B /* Build configuration list for PBXProject "UIButton" */;
			compatibilityVersion = "Xcode 3.2";
			developmentRegion = English;
			hasScannedForEncodings = 0;
			knownRegions = (
				en,
				Base,
			);
			mainGroup = 1115882D1EC6DE8800A8F92B;
			productRefGroup = 111588371EC6DE8800A8F92B /* Products */;
			projectDirPath = "";
			projectRoot = "";
			targets = (
				111588351EC6DE8800A8F92B /* UIButton */,
				1115884E1EC6DE8800A8F92B /* UIButtonTests */,
				111588591EC6DE8800A8F92B /* UIButtonUITests */,
			);
		};
/* End PBXProject section */

/* Begin PBXResourcesBuildPhase section */
		111588341EC6DE8800A8F92B /* Resources */ = {
			isa = PBXResourcesBuildPhase;
			buildActionMask = 2147483647;
			files = (
				111588491EC6DE8800A8F92B /* LaunchScreen.storyboard in Resources */,
				111588461EC6DE8800A8F92B /* Assets.xcassets in Resources */,
				111588701EC6E26D00A8F92B /* Main.storyboard in Resources */,
			);
			runOnlyForDeploymentPostprocessing = 0;
		};
		1115884D1EC6DE8800A8F92B /* Resources */ = {
			isa = PBXResourcesBuildPhase;
			buildActionMask = 2147483647;
			files = (
			);
			runOnlyForDeploymentPostprocessing = 0;
		};
		111588581EC6DE8800A8F92B /* Resources */ = {
			isa = PBXResourcesBuildPhase;
			buildActionMask = 2147483647;
			files = (
			);
			runOnlyForDeploymentPostprocessing = 0;
		};
/* End PBXResourcesBuildPhase section */

/* Begin PBXSourcesBuildPhase section */
		111588321EC6DE8800A8F92B /* Sources */ = {
			isa = PBXSourcesBuildPhase;
			buildActionMask = 2147483647;
			files = (
				114519D5201461E80082A061 /* LayoutViewController.m in Sources */,
				11657F00201383E400CA4116 /* ImageViewRightController.m in Sources */,
				114519E62014BCAB0082A061 /* BasicLayoutController.m in Sources */,
				114519EF2014CF6F0082A061 /* YYButton.m in Sources */,
				111588411EC6DE8800A8F92B /* ViewController.m in Sources */,
				11657F122013849100CA4116 /* ImageViewDownController.m in Sources */,
				1115883E1EC6DE8800A8F92B /* AppDelegate.m in Sources */,
				114519EC2014CF450082A061 /* FinalViewController.m in Sources */,
				114519DE2014638B0082A061 /* YYLayoutButton.m in Sources */,
				114519DB201463690082A061 /* YYRectButton.m in Sources */,
				11657F15201384AB00CA4116 /* ImageIsBiggerController.m in Sources */,
				114519CF201461530082A061 /* BasicViewController.m in Sources */,
				114519E92014BDC70082A061 /* DynamicViewController.m in Sources */,
				11657F0C2013843900CA4116 /* BottomRightButtonController.m in Sources */,
				11657F03201383F800CA4116 /* LeftAndTopButtonController.m in Sources */,
				114519D2201461D20082A061 /* RectViewController.m in Sources */,
				11657F0F2013847900CA4116 /* ImageViewUpController.m in Sources */,
				114519D8201462AE0082A061 /* ExpandButtonAreaController.m in Sources */,
				11657F062013841100CA4116 /* RightAndTopButtonController.m in Sources */,
				114519E1201463B00082A061 /* ExpandButton.m in Sources */,
				1115883B1EC6DE8800A8F92B /* main.m in Sources */,
				11657F092013842200CA4116 /* BottomLeftButtonController.m in Sources */,
			);
			runOnlyForDeploymentPostprocessing = 0;
		};
		1115884B1EC6DE8800A8F92B /* Sources */ = {
			isa = PBXSourcesBuildPhase;
			buildActionMask = 2147483647;
			files = (
				111588541EC6DE8800A8F92B /* UIButtonTests.m in Sources */,
			);
			runOnlyForDeploymentPostprocessing = 0;
		};
		111588561EC6DE8800A8F92B /* Sources */ = {
			isa = PBXSourcesBuildPhase;
			buildActionMask = 2147483647;
			files = (
				1115885F1EC6DE8800A8F92B /* UIButtonUITests.m in Sources */,
			);
			runOnlyForDeploymentPostprocessing = 0;
		};
/* End PBXSourcesBuildPhase section */

/* Begin PBXTargetDependency section */
		111588511EC6DE8800A8F92B /* PBXTargetDependency */ = {
			isa = PBXTargetDependency;
			target = 111588351EC6DE8800A8F92B /* UIButton */;
			targetProxy = 111588501EC6DE8800A8F92B /* PBXContainerItemProxy */;
		};
		1115885C1EC6DE8800A8F92B /* PBXTargetDependency */ = {
			isa = PBXTargetDependency;
			target = 111588351EC6DE8800A8F92B /* UIButton */;
			targetProxy = 1115885B1EC6DE8800A8F92B /* PBXContainerItemProxy */;
		};
/* End PBXTargetDependency section */

/* Begin PBXVariantGroup section */
		111588471EC6DE8800A8F92B /* LaunchScreen.storyboard */ = {
			isa = PBXVariantGroup;
			children = (
				111588481EC6DE8800A8F92B /* Base */,
			);
			name = LaunchScreen.storyboard;
			sourceTree = "<group>";
		};
		1115886E1EC6E26D00A8F92B /* Main.storyboard */ = {
			isa = PBXVariantGroup;
			children = (
				1115886F1EC6E26D00A8F92B /* Base */,
			);
			name = Main.storyboard;
			sourceTree = "<group>";
		};
/* End PBXVariantGroup section */

/* Begin XCBuildConfiguration section */
		111588611EC6DE8800A8F92B /* Debug */ = {
			isa = XCBuildConfiguration;
			buildSettings = {
				ALWAYS_SEARCH_USER_PATHS = NO;
				CLANG_CXX_LANGUAGE_STANDARD = "gnu++0x";
				CLANG_CXX_LIBRARY = "libc++";
				CLANG_ENABLE_MODULES = YES;
				CLANG_ENABLE_OBJC_ARC = YES;
				CLANG_WARN_BOOL_CONVERSION = YES;
				CLANG_WARN_CONSTANT_CONVERSION = YES;
				CLANG_WARN_DIRECT_OBJC_ISA_USAGE = YES_ERROR;
				CLANG_WARN_EMPTY_BODY = YES;
				CLANG_WARN_ENUM_CONVERSION = YES;
				CLANG_WARN_INT_CONVERSION = YES;
				CLANG_WARN_OBJC_ROOT_CLASS = YES_ERROR;
				CLANG_WARN_UNREACHABLE_CODE = YES;
				CLANG_WARN__DUPLICATE_METHOD_MATCH = YES;
				"CODE_SIGN_IDENTITY[sdk=iphoneos*]" = "iPhone Developer";
				COPY_PHASE_STRIP = NO;
				DEBUG_INFORMATION_FORMAT = dwarf;
				ENABLE_STRICT_OBJC_MSGSEND = YES;
				ENABLE_TESTABILITY = YES;
				GCC_C_LANGUAGE_STANDARD = gnu99;
				GCC_DYNAMIC_NO_PIC = NO;
				GCC_NO_COMMON_BLOCKS = YES;
				GCC_OPTIMIZATION_LEVEL = 0;
				GCC_PREPROCESSOR_DEFINITIONS = (
					"DEBUG=1",
					"$(inherited)",
				);
				GCC_WARN_64_TO_32_BIT_CONVERSION = YES;
				GCC_WARN_ABOUT_RETURN_TYPE = YES_ERROR;
				GCC_WARN_UNDECLARED_SELECTOR = YES;
				GCC_WARN_UNINITIALIZED_AUTOS = YES_AGGRESSIVE;
				GCC_WARN_UNUSED_FUNCTION = YES;
				GCC_WARN_UNUSED_VARIABLE = YES;
				IPHONEOS_DEPLOYMENT_TARGET = 9.2;
				MTL_ENABLE_DEBUG_INFO = YES;
				ONLY_ACTIVE_ARCH = YES;
				SDKROOT = iphoneos;
				TARGETED_DEVICE_FAMILY = "1,2";
			};
			name = Debug;
		};
		111588621EC6DE8800A8F92B /* Release */ = {
			isa = XCBuildConfiguration;
			buildSettings = {
				ALWAYS_SEARCH_USER_PATHS = NO;
				CLANG_CXX_LANGUAGE_STANDARD = "gnu++0x";
				CLANG_CXX_LIBRARY = "libc++";
				CLANG_ENABLE_MODULES = YES;
				CLANG_ENABLE_OBJC_ARC = YES;
				CLANG_WARN_BOOL_CONVERSION = YES;
				CLANG_WARN_CONSTANT_CONVERSION = YES;
				CLANG_WARN_DIRECT_OBJC_ISA_USAGE = YES_ERROR;
				CLANG_WARN_EMPTY_BODY = YES;
				CLANG_WARN_ENUM_CONVERSION = YES;
				CLANG_WARN_INT_CONVERSION = YES;
				CLANG_WARN_OBJC_ROOT_CLASS = YES_ERROR;
				CLANG_WARN_UNREACHABLE_CODE = YES;
				CLANG_WARN__DUPLICATE_METHOD_MATCH = YES;
				"CODE_SIGN_IDENTITY[sdk=iphoneos*]" = "iPhone Developer";
				COPY_PHASE_STRIP = NO;
				DEBUG_INFORMATION_FORMAT = "dwarf-with-dsym";
				ENABLE_NS_ASSERTIONS = NO;
				ENABLE_STRICT_OBJC_MSGSEND = YES;
				GCC_C_LANGUAGE_STANDARD = gnu99;
				GCC_NO_COMMON_BLOCKS = YES;
				GCC_WARN_64_TO_32_BIT_CONVERSION = YES;
				GCC_WARN_ABOUT_RETURN_TYPE = YES_ERROR;
				GCC_WARN_UNDECLARED_SELECTOR = YES;
				GCC_WARN_UNINITIALIZED_AUTOS = YES_AGGRESSIVE;
				GCC_WARN_UNUSED_FUNCTION = YES;
				GCC_WARN_UNUSED_VARIABLE = YES;
				IPHONEOS_DEPLOYMENT_TARGET = 9.2;
				MTL_ENABLE_DEBUG_INFO = NO;
				SDKROOT = iphoneos;
				TARGETED_DEVICE_FAMILY = "1,2";
				VALIDATE_PRODUCT = YES;
			};
			name = Release;
		};
		111588641EC6DE8800A8F92B /* Debug */ = {
			isa = XCBuildConfiguration;
			buildSettings = {
				ASSETCATALOG_COMPILER_APPICON_NAME = AppIcon;
				INFOPLIST_FILE = UIButton/Info.plist;
				LD_RUNPATH_SEARCH_PATHS = "$(inherited) @executable_path/Frameworks";
				PRODUCT_BUNDLE_IDENTIFIER = yangaishangxian.UIButton;
				PRODUCT_NAME = "$(TARGET_NAME)";
			};
			name = Debug;
		};
		111588651EC6DE8800A8F92B /* Release */ = {
			isa = XCBuildConfiguration;
			buildSettings = {
				ASSETCATALOG_COMPILER_APPICON_NAME = AppIcon;
				INFOPLIST_FILE = UIButton/Info.plist;
				LD_RUNPATH_SEARCH_PATHS = "$(inherited) @executable_path/Frameworks";
				PRODUCT_BUNDLE_IDENTIFIER = yangaishangxian.UIButton;
				PRODUCT_NAME = "$(TARGET_NAME)";
			};
			name = Release;
		};
		111588671EC6DE8800A8F92B /* Debug */ = {
			isa = XCBuildConfiguration;
			buildSettings = {
				BUNDLE_LOADER = "$(TEST_HOST)";
				INFOPLIST_FILE = UIButtonTests/Info.plist;
				LD_RUNPATH_SEARCH_PATHS = "$(inherited) @executable_path/Frameworks @loader_path/Frameworks";
				PRODUCT_BUNDLE_IDENTIFIER = yangaishangxian.UIButtonTests;
				PRODUCT_NAME = "$(TARGET_NAME)";
				TEST_HOST = "$(BUILT_PRODUCTS_DIR)/UIButton.app/UIButton";
			};
			name = Debug;
		};
		111588681EC6DE8800A8F92B /* Release */ = {
			isa = XCBuildConfiguration;
			buildSettings = {
				BUNDLE_LOADER = "$(TEST_HOST)";
				INFOPLIST_FILE = UIButtonTests/Info.plist;
				LD_RUNPATH_SEARCH_PATHS = "$(inherited) @executable_path/Frameworks @loader_path/Frameworks";
				PRODUCT_BUNDLE_IDENTIFIER = yangaishangxian.UIButtonTests;
				PRODUCT_NAME = "$(TARGET_NAME)";
				TEST_HOST = "$(BUILT_PRODUCTS_DIR)/UIButton.app/UIButton";
			};
			name = Release;
		};
		1115886A1EC6DE8800A8F92B /* Debug */ = {
			isa = XCBuildConfiguration;
			buildSettings = {
				INFOPLIST_FILE = UIButtonUITests/Info.plist;
				LD_RUNPATH_SEARCH_PATHS = "$(inherited) @executable_path/Frameworks @loader_path/Frameworks";
				PRODUCT_BUNDLE_IDENTIFIER = yangaishangxian.UIButtonUITests;
				PRODUCT_NAME = "$(TARGET_NAME)";
				TEST_TARGET_NAME = UIButton;
				USES_XCTRUNNER = YES;
			};
			name = Debug;
		};
		1115886B1EC6DE8800A8F92B /* Release */ = {
			isa = XCBuildConfiguration;
			buildSettings = {
				INFOPLIST_FILE = UIButtonUITests/Info.plist;
				LD_RUNPATH_SEARCH_PATHS = "$(inherited) @executable_path/Frameworks @loader_path/Frameworks";
				PRODUCT_BUNDLE_IDENTIFIER = yangaishangxian.UIButtonUITests;
				PRODUCT_NAME = "$(TARGET_NAME)";
				TEST_TARGET_NAME = UIButton;
				USES_XCTRUNNER = YES;
			};
			name = Release;
		};
/* End XCBuildConfiguration section */

/* Begin XCConfigurationList section */
		111588311EC6DE8800A8F92B /* Build configuration list for PBXProject "UIButton" */ = {
			isa = XCConfigurationList;
			buildConfigurations = (
				111588611EC6DE8800A8F92B /* Debug */,
				111588621EC6DE8800A8F92B /* Release */,
			);
			defaultConfigurationIsVisible = 0;
			defaultConfigurationName = Release;
		};
		111588631EC6DE8800A8F92B /* Build configuration list for PBXNativeTarget "UIButton" */ = {
			isa = XCConfigurationList;
			buildConfigurations = (
				111588641EC6DE8800A8F92B /* Debug */,
				111588651EC6DE8800A8F92B /* Release */,
			);
			defaultConfigurationIsVisible = 0;
			defaultConfigurationName = Release;
		};
		111588661EC6DE8800A8F92B /* Build configuration list for PBXNativeTarget "UIButtonTests" */ = {
			isa = XCConfigurationList;
			buildConfigurations = (
				111588671EC6DE8800A8F92B /* Debug */,
				111588681EC6DE8800A8F92B /* Release */,
			);
			defaultConfigurationIsVisible = 0;
			defaultConfigurationName = Release;
		};
		111588691EC6DE8800A8F92B /* Build configuration list for PBXNativeTarget "UIButtonUITests" */ = {
			isa = XCConfigurationList;
			buildConfigurations = (
				1115886A1EC6DE8800A8F92B /* Debug */,
				1115886B1EC6DE8800A8F92B /* Release */,
			);
			defaultConfigurationIsVisible = 0;
			defaultConfigurationName = Release;
		};
/* End XCConfigurationList section */
	};
	rootObject = 1115882E1EC6DE8800A8F92B /* Project object */;
}
